
Microsoft Visual Studio Solution File, Format Version 12.00
# Visual Studio 2013
VisualStudioVersion = 12.0.40629.0
MinimumVisualStudioVersion = 10.0.40219.1
Project("{159641D6-6404-4A2A-AE62-294DE0FE8301}") = "ssis_get_ssas_sessions_and_connections", "ssis_get_ssas_sessions_and_connections\ssis_get_ssas_sessions_and_connections.dtproj", "{4385014D-42A9-4CA8-98A5-2A34AB9E5061}"
EndProject
Global
	GlobalSection(SolutionConfigurationPlatforms) = preSolution
		Development|Default = Development|Default
	EndGlobalSection
	GlobalSection(ProjectConfigurationPlatforms) = postSolution
		{4385014D-42A9-4CA8-98A5-2A34AB9E5061}.Development|Default.ActiveCfg = Development
		{4385014D-42A9-4CA8-98A5-2A34AB9E5061}.Development|Default.Build.0 = Development
	EndGlobalSection
	GlobalSection(SolutionProperties) = preSolution
		HideSolutionNode = FALSE
	EndGlobalSection
EndGlobal
